
Microsoft Visual Studio Solution File, Format Version 12.00
Project("{FAE04EC0-301F-11D3-BF4B-00C04F79EFBC}") = "homepage-backend", "homepage-backend\homepage-backend.csproj", "{8987FA1E-04DA-4E94-827B-FAADBCF9A3F2}"
EndProject
Global
	GlobalSection(SolutionConfigurationPlatforms) = preSolution
		Debug|Any CPU = Debug|Any CPU
		Release|Any CPU = Release|Any CPU
	EndGlobalSection
	GlobalSection(ProjectConfigurationPlatforms) = postSolution
		{8987FA1E-04DA-4E94-827B-FAADBCF9A3F2}.Debug|Any CPU.ActiveCfg = Debug|Any CPU
		{8987FA1E-04DA-4E94-827B-FAADBCF9A3F2}.Debug|Any CPU.Build.0 = Debug|Any CPU
		{8987FA1E-04DA-4E94-827B-FAADBCF9A3F2}.Release|Any CPU.ActiveCfg = Release|Any CPU
		{8987FA1E-04DA-4E94-827B-FAADBCF9A3F2}.Release|Any CPU.Build.0 = Release|Any CPU
	EndGlobalSection
EndGlobal
